
Microsoft Visual Studio Solution File, Format Version 12.00
# Visual Studio Version 17
VisualStudioVersion = 17.5.002.0
MinimumVisualStudioVersion = 10.0.40219.1
Project("{9A19103F-16F7-4668-BE54-9A1E7A4F7556}") = "MyDockerProject", "MyDockerProject\MyDockerProject.csproj", "{7B8218ED-022F-46D9-B897-75EF5D6BC9B8}"
EndProject
Global
	GlobalSection(SolutionConfigurationPlatforms) = preSolution
		Debug|Any CPU = Debug|Any CPU
		Release|Any CPU = Release|Any CPU
	EndGlobalSection
	GlobalSection(ProjectConfigurationPlatforms) = postSolution
		{7B8218ED-022F-46D9-B897-75EF5D6BC9B8}.Debug|Any CPU.ActiveCfg = Debug|Any CPU
		{7B8218ED-022F-46D9-B897-75EF5D6BC9B8}.Debug|Any CPU.Build.0 = Debug|Any CPU
		{7B8218ED-022F-46D9-B897-75EF5D6BC9B8}.Release|Any CPU.ActiveCfg = Release|Any CPU
		{7B8218ED-022F-46D9-B897-75EF5D6BC9B8}.Release|Any CPU.Build.0 = Release|Any CPU
	EndGlobalSection
	GlobalSection(SolutionProperties) = preSolution
		HideSolutionNode = FALSE
	EndGlobalSection
	GlobalSection(ExtensibilityGlobals) = postSolution
		SolutionGuid = {76A56323-5893-44B5-B3D2-EA436290C77F}
	EndGlobalSection
EndGlobal
